
Microsoft Visual Studio Solution File, Format Version 12.00
# Visual Studio Version 17
VisualStudioVersion = 17.6.33815.320
MinimumVisualStudioVersion = 10.0.40219.1
Project("{FAE04EC0-301F-11D3-BF4B-00C04F79EFBC}") = "wpfClock_06", "wpfClock_06.csproj", "{657A768F-1BB3-49DE-9A39-48B7E6296C88}"
EndProject
Global
	GlobalSection(SolutionConfigurationPlatforms) = preSolution
		Debug|Any CPU = Debug|Any CPU
		Release|Any CPU = Release|Any CPU
	EndGlobalSection
	GlobalSection(ProjectConfigurationPlatforms) = postSolution
		{657A768F-1BB3-49DE-9A39-48B7E6296C88}.Debug|Any CPU.ActiveCfg = Debug|Any CPU
		{657A768F-1BB3-49DE-9A39-48B7E6296C88}.Debug|Any CPU.Build.0 = Debug|Any CPU
		{657A768F-1BB3-49DE-9A39-48B7E6296C88}.Release|Any CPU.ActiveCfg = Release|Any CPU
		{657A768F-1BB3-49DE-9A39-48B7E6296C88}.Release|Any CPU.Build.0 = Release|Any CPU
	EndGlobalSection
	GlobalSection(SolutionProperties) = preSolution
		HideSolutionNode = FALSE
	EndGlobalSection
	GlobalSection(ExtensibilityGlobals) = postSolution
		SolutionGuid = {5738E2EB-5D0F-4D0E-8B6D-0270D011B36C}
	EndGlobalSection
EndGlobal
